
Microsoft Visual Studio Solution File, Format Version 12.00
# Visual Studio Version 17
VisualStudioVersion = 17.3.32825.248
MinimumVisualStudioVersion = 10.0.40219.1
Project("{FAE04EC0-301F-11D3-BF4B-00C04F79EFBC}") = "ContaBancaria", "ContaBancaria\ContaBancaria.csproj", "{0D31F42E-85A3-4F0C-93A4-40FFF6CC929E}"
EndProject
Global
	GlobalSection(SolutionConfigurationPlatforms) = preSolution
		Debug|Any CPU = Debug|Any CPU
		Release|Any CPU = Release|Any CPU
	EndGlobalSection
	GlobalSection(ProjectConfigurationPlatforms) = postSolution
		{0D31F42E-85A3-4F0C-93A4-40FFF6CC929E}.Debug|Any CPU.ActiveCfg = Debug|Any CPU
		{0D31F42E-85A3-4F0C-93A4-40FFF6CC929E}.Debug|Any CPU.Build.0 = Debug|Any CPU
		{0D31F42E-85A3-4F0C-93A4-40FFF6CC929E}.Release|Any CPU.ActiveCfg = Release|Any CPU
		{0D31F42E-85A3-4F0C-93A4-40FFF6CC929E}.Release|Any CPU.Build.0 = Release|Any CPU
	EndGlobalSection
	GlobalSection(SolutionProperties) = preSolution
		HideSolutionNode = FALSE
	EndGlobalSection
	GlobalSection(ExtensibilityGlobals) = postSolution
		SolutionGuid = {FE683DB3-80C9-4707-9AA1-50CB8912CBD2}
	EndGlobalSection
EndGlobal
